%{
  "asciichart": {:hex, :asciichart, "1.0.0", "6ef5dbeab545cb7a0bdce7235958f129de6cd8ad193684dc0953c9a8b4c3db5b", [:mix], [], "hexpm"},
  "commanded": {:hex, :commanded, "0.18.0", "8a390817aba8acfb2b6d24c14e8e068c7229fe788c0236adbe88ddbcc3f8057f", [:mix], [{:elixir_uuid, "~> 1.2", [hex: :elixir_uuid, repo: "hexpm", optional: false]}, {:jason, "~> 1.1", [hex: :jason, repo: "hexpm", optional: true]}, {:phoenix_pubsub, "~> 1.1", [hex: :phoenix_pubsub, repo: "hexpm", optional: true]}], "hexpm"},
  "elixir_make": {:hex, :elixir_make, "0.5.2", "96a28c79f5b8d34879cd95ebc04d2a0d678cfbbd3e74c43cb63a76adf0ee8054", [:mix], [], "hexpm"},
  "elixir_uuid": {:hex, :elixir_uuid, "1.2.0", "ff26e938f95830b1db152cb6e594d711c10c02c6391236900ddd070a6b01271d", [:mix], [], "hexpm"},
  "ex_termbox": {:hex, :ex_termbox, "1.0.0", "6f26a0cdc787c0685732649beee6973248504fc689776cf57a485422be8dac4b", [:make, :mix], [{:elixir_make, "~> 0.4", [hex: :elixir_make, repo: "hexpm", optional: false]}], "hexpm"},
  "jason": {:hex, :jason, "1.1.2", "b03dedea67a99223a2eaf9f1264ce37154564de899fd3d8b9a21b1a6fd64afe7", [:mix], [{:decimal, "~> 1.0", [hex: :decimal, repo: "hexpm", optional: true]}], "hexpm"},
  "ratatouille": {:hex, :ratatouille, "0.5.0", "e843c2dbc0293438865361c4e4fecf5bab702563e490d67dee85edcabf15ac1d", [:mix], [{:asciichart, "~> 1.0", [hex: :asciichart, repo: "hexpm", optional: false]}, {:ex_termbox, "~> 1.0", [hex: :ex_termbox, repo: "hexpm", optional: false]}], "hexpm"},
}
